// !$*UTF8*$!
{
	archiveVersion = 1;
	classes = {
	};
	objectVersion = 45;
	objects = {

/* Begin PBXBuildFile section */
		8DD76F650486A84900D96B5E /* main.cpp in Sources */ = {isa = PBXBuildFile; fileRef = 08FB7796FE84155DC02AAC07 /* main.cpp */; settings = {ATTRIBUTES = (); }; };
		C2021ECD0FEEA68E008B4C90 /* ClassProxy.cpp in Sources */ = {isa = PBXBuildFile; fileRef = C2021ECC0FEEA68E008B4C90 /* ClassProxy.cpp */; };
		C2021F3A0FEEC9ED008B4C90 /* DummyTest.cpp in Sources */ = {isa = PBXBuildFile; fileRef = C2021F390FEEC9ED008B4C90 /* DummyTest.cpp */; };
		C20943CC101BEED4009442ED /* HTTPClient.cpp in Sources */ = {isa = PBXBuildFile; fileRef = C20943CB101BEED4009442ED /* HTTPClient.cpp */; };
		C22393E51016822900C73EC8 /* XMLElementVector.cpp in Sources */ = {isa = PBXBuildFile; fileRef = C22393E41016822900C73EC8 /* XMLElementVector.cpp */; };
		C274AC640FED355C00E936CC /* libv8.a in Frameworks */ = {isa = PBXBuildFile; fileRef = C274AC630FED355C00E936CC /* libv8.a */; };
		C274AC6C0FED36C600E936CC /* shell.cpp in Sources */ = {isa = PBXBuildFile; fileRef = C274AC6B0FED36C600E936CC /* shell.cpp */; };
		C274AC740FED3D6500E936CC /* GlobalFunctions.cpp in Sources */ = {isa = PBXBuildFile; fileRef = C274AC730FED3D6500E936CC /* GlobalFunctions.cpp */; };
		C274ACC40FED591C00E936CC /* File.cpp in Sources */ = {isa = PBXBuildFile; fileRef = C274ACC30FED591C00E936CC /* File.cpp */; };
		C27C78DA0FFEBA8D00CFCF6A /* libpdom.dylib in Frameworks */ = {isa = PBXBuildFile; fileRef = C27C78D90FFEBA8D00CFCF6A /* libpdom.dylib */; };
		C27F0480100EA31E001C5302 /* XMLElement.cpp in Sources */ = {isa = PBXBuildFile; fileRef = C27F047F100EA31E001C5302 /* XMLElement.cpp */; };
		C2A3A66D10B8A27C008D8515 /* libcurl.4.dylib in Frameworks */ = {isa = PBXBuildFile; fileRef = C2A3A66C10B8A27C008D8515 /* libcurl.4.dylib */; };
		C2AFE6580FF41E1200919DF3 /* TemplateManager.cpp in Sources */ = {isa = PBXBuildFile; fileRef = C2AFE6570FF41E1200919DF3 /* TemplateManager.cpp */; };
		C2C9361A0FF195D0006828D8 /* XML.cpp in Sources */ = {isa = PBXBuildFile; fileRef = C2C936190FF195D0006828D8 /* XML.cpp */; };
		C2DC46E1101137C100FB56A7 /* XMLAttribute.cpp in Sources */ = {isa = PBXBuildFile; fileRef = C2DC46E0101137C100FB56A7 /* XMLAttribute.cpp */; };
/* End PBXBuildFile section */

/* Begin PBXCopyFilesBuildPhase section */
		8DD76F690486A84900D96B5E /* CopyFiles */ = {
			isa = PBXCopyFilesBuildPhase;
			buildActionMask = 8;
			dstPath = /usr/share/man/man1/;
			dstSubfolderSpec = 0;
			files = (
			);
			runOnlyForDeploymentPostprocessing = 1;
		};
/* End PBXCopyFilesBuildPhase section */

/* Begin PBXFileReference section */
		08FB7796FE84155DC02AAC07 /* main.cpp */ = {isa = PBXFileReference; fileEncoding = 4; lastKnownFileType = sourcecode.cpp.cpp; path = main.cpp; sourceTree = "<group>"; };
		8DD76F6C0486A84900D96B5E /* pshell */ = {isa = PBXFileReference; explicitFileType = "compiled.mach-o.executable"; includeInIndex = 0; path = pshell; sourceTree = BUILT_PRODUCTS_DIR; };
		C2021ECB0FEEA68E008B4C90 /* ClassProxy.h */ = {isa = PBXFileReference; fileEncoding = 4; lastKnownFileType = sourcecode.c.h; path = ClassProxy.h; sourceTree = "<group>"; };
		C2021ECC0FEEA68E008B4C90 /* ClassProxy.cpp */ = {isa = PBXFileReference; fileEncoding = 4; lastKnownFileType = sourcecode.cpp.cpp; path = ClassProxy.cpp; sourceTree = "<group>"; };
		C2021F380FEEC9ED008B4C90 /* DummyTest.h */ = {isa = PBXFileReference; fileEncoding = 4; lastKnownFileType = sourcecode.c.h; path = DummyTest.h; sourceTree = "<group>"; };
		C2021F390FEEC9ED008B4C90 /* DummyTest.cpp */ = {isa = PBXFileReference; fileEncoding = 4; lastKnownFileType = sourcecode.cpp.cpp; path = DummyTest.cpp; sourceTree = "<group>"; };
		C20943CA101BEED4009442ED /* HTTPClient.h */ = {isa = PBXFileReference; fileEncoding = 4; lastKnownFileType = sourcecode.c.h; path = HTTPClient.h; sourceTree = "<group>"; };
		C20943CB101BEED4009442ED /* HTTPClient.cpp */ = {isa = PBXFileReference; fileEncoding = 4; lastKnownFileType = sourcecode.cpp.cpp; path = HTTPClient.cpp; sourceTree = "<group>"; };
		C22393E31016822900C73EC8 /* XMLElementVector.h */ = {isa = PBXFileReference; fileEncoding = 4; lastKnownFileType = sourcecode.c.h; path = XMLElementVector.h; sourceTree = "<group>"; };
		C22393E41016822900C73EC8 /* XMLElementVector.cpp */ = {isa = PBXFileReference; fileEncoding = 4; lastKnownFileType = sourcecode.cpp.cpp; path = XMLElementVector.cpp; sourceTree = "<group>"; };
		C274AC630FED355C00E936CC /* libv8.a */ = {isa = PBXFileReference; lastKnownFileType = archive.ar; name = libv8.a; path = v8/xcodebuild/Debug/libv8.a; sourceTree = "<group>"; };
		C274AC6A0FED36C600E936CC /* shell.h */ = {isa = PBXFileReference; fileEncoding = 4; lastKnownFileType = sourcecode.c.h; path = shell.h; sourceTree = "<group>"; };
		C274AC6B0FED36C600E936CC /* shell.cpp */ = {isa = PBXFileReference; fileEncoding = 4; lastKnownFileType = sourcecode.cpp.cpp; path = shell.cpp; sourceTree = "<group>"; };
		C274AC710FED38A100E936CC /* global.h */ = {isa = PBXFileReference; fileEncoding = 4; lastKnownFileType = sourcecode.c.h; path = global.h; sourceTree = "<group>"; };
		C274AC720FED3D6500E936CC /* GlobalFunctions.h */ = {isa = PBXFileReference; fileEncoding = 4; lastKnownFileType = sourcecode.c.h; path = GlobalFunctions.h; sourceTree = "<group>"; };
		C274AC730FED3D6500E936CC /* GlobalFunctions.cpp */ = {isa = PBXFileReference; fileEncoding = 4; lastKnownFileType = sourcecode.cpp.cpp; path = GlobalFunctions.cpp; sourceTree = "<group>"; };
		C274ACC20FED591C00E936CC /* File.h */ = {isa = PBXFileReference; fileEncoding = 4; lastKnownFileType = sourcecode.c.h; path = File.h; sourceTree = "<group>"; };
		C274ACC30FED591C00E936CC /* File.cpp */ = {isa = PBXFileReference; fileEncoding = 4; lastKnownFileType = sourcecode.cpp.cpp; path = File.cpp; sourceTree = "<group>"; };
		C27C78D90FFEBA8D00CFCF6A /* libpdom.dylib */ = {isa = PBXFileReference; lastKnownFileType = "compiled.mach-o.dylib"; name = libpdom.dylib; path = ../pdom/libpdom.dylib; sourceTree = SOURCE_ROOT; };
		C27F047E100EA31E001C5302 /* XMLElement.h */ = {isa = PBXFileReference; fileEncoding = 4; lastKnownFileType = sourcecode.c.h; path = XMLElement.h; sourceTree = "<group>"; };
		C27F047F100EA31E001C5302 /* XMLElement.cpp */ = {isa = PBXFileReference; fileEncoding = 4; lastKnownFileType = sourcecode.cpp.cpp; path = XMLElement.cpp; sourceTree = "<group>"; };
		C2A3A66C10B8A27C008D8515 /* libcurl.4.dylib */ = {isa = PBXFileReference; lastKnownFileType = "compiled.mach-o.dylib"; name = libcurl.4.dylib; path = usr/lib/libcurl.4.dylib; sourceTree = SDKROOT; };
		C2AFE6560FF41E1200919DF3 /* TemplateManager.h */ = {isa = PBXFileReference; fileEncoding = 4; lastKnownFileType = sourcecode.c.h; path = TemplateManager.h; sourceTree = "<group>"; };
		C2AFE6570FF41E1200919DF3 /* TemplateManager.cpp */ = {isa = PBXFileReference; fileEncoding = 4; lastKnownFileType = sourcecode.cpp.cpp; path = TemplateManager.cpp; sourceTree = "<group>"; };
		C2C936180FF195D0006828D8 /* XML.h */ = {isa = PBXFileReference; fileEncoding = 4; lastKnownFileType = sourcecode.c.h; path = XML.h; sourceTree = "<group>"; };
		C2C936190FF195D0006828D8 /* XML.cpp */ = {isa = PBXFileReference; fileEncoding = 4; lastKnownFileType = sourcecode.cpp.cpp; path = XML.cpp; sourceTree = "<group>"; };
		C2DC46DF101137C100FB56A7 /* XMLAttribute.h */ = {isa = PBXFileReference; fileEncoding = 4; lastKnownFileType = sourcecode.c.h; path = XMLAttribute.h; sourceTree = "<group>"; };
		C2DC46E0101137C100FB56A7 /* XMLAttribute.cpp */ = {isa = PBXFileReference; fileEncoding = 4; lastKnownFileType = sourcecode.cpp.cpp; path = XMLAttribute.cpp; sourceTree = "<group>"; };
/* End PBXFileReference section */

/* Begin PBXFrameworksBuildPhase section */
		8DD76F660486A84900D96B5E /* Frameworks */ = {
			isa = PBXFrameworksBuildPhase;
			buildActionMask = 2147483647;
			files = (
				C274AC640FED355C00E936CC /* libv8.a in Frameworks */,
				C27C78DA0FFEBA8D00CFCF6A /* libpdom.dylib in Frameworks */,
				C2A3A66D10B8A27C008D8515 /* libcurl.4.dylib in Frameworks */,
			);
			runOnlyForDeploymentPostprocessing = 0;
		};
/* End PBXFrameworksBuildPhase section */

/* Begin PBXGroup section */
		08FB7794FE84155DC02AAC07 /* pshell */ = {
			isa = PBXGroup;
			children = (
				C2E2A8460FF03D370066E949 /* Libraries */,
				C2E2A8450FF03D300066E949 /* Bindings */,
				08FB7795FE84155DC02AAC07 /* Shell */,
				C6859E8C029090F304C91782 /* Documentation */,
				1AB674ADFE9D54B511CA2CBB /* Products */,
			);
			name = pshell;
			sourceTree = "<group>";
		};
		08FB7795FE84155DC02AAC07 /* Shell */ = {
			isa = PBXGroup;
			children = (
				08FB7796FE84155DC02AAC07 /* main.cpp */,
				C274AC6A0FED36C600E936CC /* shell.h */,
				C274AC6B0FED36C600E936CC /* shell.cpp */,
				C274AC710FED38A100E936CC /* global.h */,
				C274AC720FED3D6500E936CC /* GlobalFunctions.h */,
				C274AC730FED3D6500E936CC /* GlobalFunctions.cpp */,
				C2021ECB0FEEA68E008B4C90 /* ClassProxy.h */,
				C2021ECC0FEEA68E008B4C90 /* ClassProxy.cpp */,
				C2AFE6560FF41E1200919DF3 /* TemplateManager.h */,
				C2AFE6570FF41E1200919DF3 /* TemplateManager.cpp */,
			);
			name = Shell;
			sourceTree = "<group>";
		};
		1AB674ADFE9D54B511CA2CBB /* Products */ = {
			isa = PBXGroup;
			children = (
				8DD76F6C0486A84900D96B5E /* pshell */,
			);
			name = Products;
			sourceTree = "<group>";
		};
		C2A3A68010B8A34A008D8515 /* pDOM */ = {
			isa = PBXGroup;
			children = (
				C2C936180FF195D0006828D8 /* XML.h */,
				C2C936190FF195D0006828D8 /* XML.cpp */,
				C27F047E100EA31E001C5302 /* XMLElement.h */,
				C27F047F100EA31E001C5302 /* XMLElement.cpp */,
				C2DC46DF101137C100FB56A7 /* XMLAttribute.h */,
				C2DC46E0101137C100FB56A7 /* XMLAttribute.cpp */,
				C22393E31016822900C73EC8 /* XMLElementVector.h */,
				C22393E41016822900C73EC8 /* XMLElementVector.cpp */,
			);
			name = pDOM;
			sourceTree = "<group>";
		};
		C2A3A68E10B8A45C008D8515 /* OS */ = {
			isa = PBXGroup;
			children = (
				C274ACC20FED591C00E936CC /* File.h */,
				C274ACC30FED591C00E936CC /* File.cpp */,
			);
			name = OS;
			sourceTree = "<group>";
		};
		C2A3A68F10B8A467008D8515 /* Network */ = {
			isa = PBXGroup;
			children = (
				C20943CA101BEED4009442ED /* HTTPClient.h */,
				C20943CB101BEED4009442ED /* HTTPClient.cpp */,
			);
			name = Network;
			sourceTree = "<group>";
		};
		C2A3A69410B8A823008D8515 /* Databases */ = {
			isa = PBXGroup;
			children = (
			);
			name = Databases;
			sourceTree = "<group>";
		};
		C2E2A8450FF03D300066E949 /* Bindings */ = {
			isa = PBXGroup;
			children = (
				C2A3A69410B8A823008D8515 /* Databases */,
				C2A3A68F10B8A467008D8515 /* Network */,
				C2A3A68E10B8A45C008D8515 /* OS */,
				C2A3A68010B8A34A008D8515 /* pDOM */,
				C2021F380FEEC9ED008B4C90 /* DummyTest.h */,
				C2021F390FEEC9ED008B4C90 /* DummyTest.cpp */,
			);
			name = Bindings;
			sourceTree = "<group>";
		};
		C2E2A8460FF03D370066E949 /* Libraries */ = {
			isa = PBXGroup;
			children = (
				C27C78D90FFEBA8D00CFCF6A /* libpdom.dylib */,
				C274AC630FED355C00E936CC /* libv8.a */,
				C2A3A66C10B8A27C008D8515 /* libcurl.4.dylib */,
			);
			name = Libraries;
			sourceTree = "<group>";
		};
		C6859E8C029090F304C91782 /* Documentation */ = {
			isa = PBXGroup;
			children = (
			);
			name = Documentation;
			sourceTree = "<group>";
		};
/* End PBXGroup section */

/* Begin PBXNativeTarget section */
		8DD76F620486A84900D96B5E /* pshell */ = {
			isa = PBXNativeTarget;
			buildConfigurationList = 1DEB923108733DC60010E9CD /* Build configuration list for PBXNativeTarget "pshell" */;
			buildPhases = (
				8DD76F640486A84900D96B5E /* Sources */,
				8DD76F660486A84900D96B5E /* Frameworks */,
				8DD76F690486A84900D96B5E /* CopyFiles */,
			);
			buildRules = (
			);
			dependencies = (
			);
			name = pshell;
			productInstallPath = "$(HOME)/bin";
			productName = pshell;
			productReference = 8DD76F6C0486A84900D96B5E /* pshell */;
			productType = "com.apple.product-type.tool";
		};
/* End PBXNativeTarget section */

/* Begin PBXProject section */
		08FB7793FE84155DC02AAC07 /* Project object */ = {
			isa = PBXProject;
			buildConfigurationList = 1DEB923508733DC60010E9CD /* Build configuration list for PBXProject "pshell" */;
			compatibilityVersion = "Xcode 3.1";
			hasScannedForEncodings = 1;
			mainGroup = 08FB7794FE84155DC02AAC07 /* pshell */;
			projectDirPath = "";
			projectRoot = "";
			targets = (
				8DD76F620486A84900D96B5E /* pshell */,
			);
		};
/* End PBXProject section */

/* Begin PBXSourcesBuildPhase section */
		8DD76F640486A84900D96B5E /* Sources */ = {
			isa = PBXSourcesBuildPhase;
			buildActionMask = 2147483647;
			files = (
				8DD76F650486A84900D96B5E /* main.cpp in Sources */,
				C274AC6C0FED36C600E936CC /* shell.cpp in Sources */,
				C274AC740FED3D6500E936CC /* GlobalFunctions.cpp in Sources */,
				C274ACC40FED591C00E936CC /* File.cpp in Sources */,
				C2021ECD0FEEA68E008B4C90 /* ClassProxy.cpp in Sources */,
				C2021F3A0FEEC9ED008B4C90 /* DummyTest.cpp in Sources */,
				C2C9361A0FF195D0006828D8 /* XML.cpp in Sources */,
				C2AFE6580FF41E1200919DF3 /* TemplateManager.cpp in Sources */,
				C27F0480100EA31E001C5302 /* XMLElement.cpp in Sources */,
				C2DC46E1101137C100FB56A7 /* XMLAttribute.cpp in Sources */,
				C22393E51016822900C73EC8 /* XMLElementVector.cpp in Sources */,
				C20943CC101BEED4009442ED /* HTTPClient.cpp in Sources */,
			);
			runOnlyForDeploymentPostprocessing = 0;
		};
/* End PBXSourcesBuildPhase section */

/* Begin XCBuildConfiguration section */
		1DEB923208733DC60010E9CD /* Debug */ = {
			isa = XCBuildConfiguration;
			buildSettings = {
				ALWAYS_SEARCH_USER_PATHS = NO;
				CONFIGURATION_BUILD_DIR = "${BUILD_DIR}";
				COPY_PHASE_STRIP = NO;
				GCC_DYNAMIC_NO_PIC = NO;
				GCC_ENABLE_FIX_AND_CONTINUE = YES;
				GCC_MODEL_TUNING = G5;
				GCC_OPTIMIZATION_LEVEL = 0;
				GCC_PREPROCESSOR_DEFINITIONS = (
					"_GLIBCXX_DEBUG=1",
					"_GLIBCXX_DEBUG_PEDANTIC=1",
				);
				INSTALL_PATH = /usr/local/bin;
				LIBRARY_SEARCH_PATHS = (
					"$(inherited)",
					"\"$(SRCROOT)/v8/xcodebuild/Debug\"",
					"\"$(SRCROOT)/../pdom\"",
				);
				PRODUCT_NAME = pshell;
				SYMROOT = "${PROJECT_DIR}";
			};
			name = Debug;
		};
		1DEB923308733DC60010E9CD /* Release */ = {
			isa = XCBuildConfiguration;
			buildSettings = {
				ALWAYS_SEARCH_USER_PATHS = NO;
				DEBUG_INFORMATION_FORMAT = "dwarf-with-dsym";
				GCC_MODEL_TUNING = G5;
				INSTALL_PATH = /usr/local/bin;
				LIBRARY_SEARCH_PATHS = (
					"$(inherited)",
					"\"$(SRCROOT)/v8/xcodebuild/Debug\"",
					"\"$(SRCROOT)/../pdom\"",
				);
				PRODUCT_NAME = pshell;
			};
			name = Release;
		};
		1DEB923608733DC60010E9CD /* Debug */ = {
			isa = XCBuildConfiguration;
			buildSettings = {
				ARCHS = "$(ARCHS_STANDARD_32_BIT)";
				CONFIGURATION_BUILD_DIR = "${PROJECT_PATH}";
				FRAMEWORK_SEARCH_PATHS = "~/devel/pdom//**";
				GCC_C_LANGUAGE_STANDARD = c99;
				GCC_OPTIMIZATION_LEVEL = 0;
				GCC_WARN_ABOUT_RETURN_TYPE = YES;
				GCC_WARN_UNUSED_VARIABLE = YES;
				HEADER_SEARCH_PATHS = (
					"/usr/include/libxml2/**",
					../pdom,
				);
				LD_RUNPATH_SEARCH_PATHS = "~/devel/pdom";
				OBJROOT = "$(PROJECT_DIR)/build";
				ONLY_ACTIVE_ARCH = YES;
				OTHER_LDFLAGS = "-Lv8";
				PREBINDING = NO;
				SDKROOT = macosx10.5;
			};
			name = Debug;
		};
		1DEB923708733DC60010E9CD /* Release */ = {
			isa = XCBuildConfiguration;
			buildSettings = {
				ARCHS = "$(ARCHS_STANDARD_32_BIT)";
				GCC_C_LANGUAGE_STANDARD = c99;
				GCC_WARN_ABOUT_RETURN_TYPE = YES;
				GCC_WARN_UNUSED_VARIABLE = YES;
				PREBINDING = NO;
				SDKROOT = macosx10.5;
			};
			name = Release;
		};
/* End XCBuildConfiguration section */

/* Begin XCConfigurationList section */
		1DEB923108733DC60010E9CD /* Build configuration list for PBXNativeTarget "pshell" */ = {
			isa = XCConfigurationList;
			buildConfigurations = (
				1DEB923208733DC60010E9CD /* Debug */,
				1DEB923308733DC60010E9CD /* Release */,
			);
			defaultConfigurationIsVisible = 0;
			defaultConfigurationName = Release;
		};
		1DEB923508733DC60010E9CD /* Build configuration list for PBXProject "pshell" */ = {
			isa = XCConfigurationList;
			buildConfigurations = (
				1DEB923608733DC60010E9CD /* Debug */,
				1DEB923708733DC60010E9CD /* Release */,
			);
			defaultConfigurationIsVisible = 0;
			defaultConfigurationName = Release;
		};
/* End XCConfigurationList section */
	};
	rootObject = 08FB7793FE84155DC02AAC07 /* Project object */;
}
