// !$*UTF8*$!
{
	archiveVersion = 1;
	classes = {
	};
	objectVersion = 45;
	objects = {

/* Begin PBXFileReference section */
		08FB7796FE84155DC02AAC07 /* main.cpp */ = {isa = PBXFileReference; fileEncoding = 4; lastKnownFileType = sourcecode.cpp.cpp; path = main.cpp; sourceTree = "<group>"; };
		C2021ECB0FEEA68E008B4C90 /* ClassProxy.h */ = {isa = PBXFileReference; fileEncoding = 4; lastKnownFileType = sourcecode.c.h; path = ClassProxy.h; sourceTree = "<group>"; };
		C2021ECC0FEEA68E008B4C90 /* ClassProxy.cpp */ = {isa = PBXFileReference; fileEncoding = 4; lastKnownFileType = sourcecode.cpp.cpp; path = ClassProxy.cpp; sourceTree = "<group>"; };
		C2021F380FEEC9ED008B4C90 /* DummyTest.h */ = {isa = PBXFileReference; fileEncoding = 4; lastKnownFileType = sourcecode.c.h; path = DummyTest.h; sourceTree = "<group>"; };
		C2021F390FEEC9ED008B4C90 /* DummyTest.cpp */ = {isa = PBXFileReference; fileEncoding = 4; lastKnownFileType = sourcecode.cpp.cpp; path = DummyTest.cpp; sourceTree = "<group>"; };
		C20943CA101BEED4009442ED /* HTTPClient.h */ = {isa = PBXFileReference; fileEncoding = 4; lastKnownFileType = sourcecode.c.h; path = HTTPClient.h; sourceTree = "<group>"; };
		C20943CB101BEED4009442ED /* HTTPClient.cpp */ = {isa = PBXFileReference; fileEncoding = 4; lastKnownFileType = sourcecode.cpp.cpp; path = HTTPClient.cpp; sourceTree = "<group>"; };
		C22393E31016822900C73EC8 /* XMLElementVector.h */ = {isa = PBXFileReference; fileEncoding = 4; lastKnownFileType = sourcecode.c.h; path = XMLElementVector.h; sourceTree = "<group>"; };
		C22393E41016822900C73EC8 /* XMLElementVector.cpp */ = {isa = PBXFileReference; fileEncoding = 4; lastKnownFileType = sourcecode.cpp.cpp; path = XMLElementVector.cpp; sourceTree = "<group>"; };
		C22EA8991176B28100CB414C /* test.xml */ = {isa = PBXFileReference; fileEncoding = 4; lastKnownFileType = text.xml; name = test.xml; path = tests/test.xml; sourceTree = "<group>"; };
		C22EA89A1176B28A00CB414C /* basic.js */ = {isa = PBXFileReference; fileEncoding = 4; lastKnownFileType = sourcecode.javascript; name = basic.js; path = tests/basic.js; sourceTree = "<group>"; };
		C22EA89B1176B28A00CB414C /* httpclient.js */ = {isa = PBXFileReference; fileEncoding = 4; lastKnownFileType = sourcecode.javascript; name = httpclient.js; path = tests/httpclient.js; sourceTree = "<group>"; };
		C22EA89C1176B28A00CB414C /* pdom.js */ = {isa = PBXFileReference; fileEncoding = 4; lastKnownFileType = sourcecode.javascript; name = pdom.js; path = tests/pdom.js; sourceTree = "<group>"; xcLanguageSpecificationIdentifier = xcode.lang.c; };
		C22EA89D1176B28A00CB414C /* test.cgi */ = {isa = PBXFileReference; fileEncoding = 4; lastKnownFileType = text; name = test.cgi; path = tests/test.cgi; sourceTree = "<group>"; };
		C255524F116C00DD004E7B76 /* XMLAttributeVector.h */ = {isa = PBXFileReference; fileEncoding = 4; lastKnownFileType = sourcecode.c.h; path = XMLAttributeVector.h; sourceTree = "<group>"; };
		C2555250116C00DD004E7B76 /* XMLAttributeVector.cpp */ = {isa = PBXFileReference; fileEncoding = 4; lastKnownFileType = sourcecode.cpp.cpp; path = XMLAttributeVector.cpp; sourceTree = "<group>"; };
		C2698B6F1177CADF00CE8904 /* SoapLoader.h */ = {isa = PBXFileReference; fileEncoding = 4; lastKnownFileType = sourcecode.c.h; path = SoapLoader.h; sourceTree = "<group>"; };
		C2698B701177CADF00CE8904 /* SoapLoader.cpp */ = {isa = PBXFileReference; fileEncoding = 4; lastKnownFileType = sourcecode.cpp.cpp; path = SoapLoader.cpp; sourceTree = "<group>"; };
		C2698B9E1177FC1D00CE8904 /* libbeersoap.dylib */ = {isa = PBXFileReference; lastKnownFileType = "compiled.mach-o.dylib"; name = libbeersoap.dylib; path = /Users/pcontezini/devel/beersoap/libbeersoap.dylib; sourceTree = "<absolute>"; };
		C274AC630FED355C00E936CC /* libv8.a */ = {isa = PBXFileReference; lastKnownFileType = archive.ar; name = libv8.a; path = v8/xcodebuild/Debug/libv8.a; sourceTree = "<group>"; };
		C274AC6A0FED36C600E936CC /* shell.h */ = {isa = PBXFileReference; fileEncoding = 4; lastKnownFileType = sourcecode.c.h; path = shell.h; sourceTree = "<group>"; };
		C274AC6B0FED36C600E936CC /* shell.cpp */ = {isa = PBXFileReference; fileEncoding = 4; lastKnownFileType = sourcecode.cpp.cpp; path = shell.cpp; sourceTree = "<group>"; };
		C274AC710FED38A100E936CC /* global.h */ = {isa = PBXFileReference; fileEncoding = 4; lastKnownFileType = sourcecode.c.h; path = global.h; sourceTree = "<group>"; };
		C274AC720FED3D6500E936CC /* GlobalFunctions.h */ = {isa = PBXFileReference; fileEncoding = 4; lastKnownFileType = sourcecode.c.h; path = GlobalFunctions.h; sourceTree = "<group>"; };
		C274AC730FED3D6500E936CC /* GlobalFunctions.cpp */ = {isa = PBXFileReference; fileEncoding = 4; lastKnownFileType = sourcecode.cpp.cpp; path = GlobalFunctions.cpp; sourceTree = "<group>"; };
		C274ACC20FED591C00E936CC /* File.h */ = {isa = PBXFileReference; fileEncoding = 4; lastKnownFileType = sourcecode.c.h; path = File.h; sourceTree = "<group>"; };
		C274ACC30FED591C00E936CC /* File.cpp */ = {isa = PBXFileReference; fileEncoding = 4; lastKnownFileType = sourcecode.cpp.cpp; path = File.cpp; sourceTree = "<group>"; };
		C2750B3C117BAA1B00E23BFA /* SoapService.h */ = {isa = PBXFileReference; fileEncoding = 4; lastKnownFileType = sourcecode.c.h; path = SoapService.h; sourceTree = "<group>"; };
		C2750B3D117BAA1B00E23BFA /* SoapService.cpp */ = {isa = PBXFileReference; fileEncoding = 4; lastKnownFileType = sourcecode.cpp.cpp; path = SoapService.cpp; sourceTree = "<group>"; };
		C27C78D90FFEBA8D00CFCF6A /* libpdom.dylib */ = {isa = PBXFileReference; lastKnownFileType = "compiled.mach-o.dylib"; name = libpdom.dylib; path = ../pdom/libpdom.dylib; sourceTree = SOURCE_ROOT; };
		C27F047E100EA31E001C5302 /* XMLElement.h */ = {isa = PBXFileReference; fileEncoding = 4; lastKnownFileType = sourcecode.c.h; path = XMLElement.h; sourceTree = "<group>"; };
		C27F047F100EA31E001C5302 /* XMLElement.cpp */ = {isa = PBXFileReference; fileEncoding = 4; lastKnownFileType = sourcecode.cpp.cpp; path = XMLElement.cpp; sourceTree = "<group>"; };
		C281DDEF116AE41200F6D8A6 /* libxml2.2.dylib */ = {isa = PBXFileReference; lastKnownFileType = "compiled.mach-o.dylib"; name = libxml2.2.dylib; path = usr/lib/libxml2.2.dylib; sourceTree = SDKROOT; };
		C2A3A66C10B8A27C008D8515 /* libcurl.4.dylib */ = {isa = PBXFileReference; lastKnownFileType = "compiled.mach-o.dylib"; name = libcurl.4.dylib; path = usr/lib/libcurl.4.dylib; sourceTree = SDKROOT; };
		C2AFE6560FF41E1200919DF3 /* TemplateManager.h */ = {isa = PBXFileReference; fileEncoding = 4; lastKnownFileType = sourcecode.c.h; path = TemplateManager.h; sourceTree = "<group>"; };
		C2AFE6570FF41E1200919DF3 /* TemplateManager.cpp */ = {isa = PBXFileReference; fileEncoding = 4; lastKnownFileType = sourcecode.cpp.cpp; path = TemplateManager.cpp; sourceTree = "<group>"; };
		C2C936180FF195D0006828D8 /* XML.h */ = {isa = PBXFileReference; fileEncoding = 4; lastKnownFileType = sourcecode.c.h; path = XML.h; sourceTree = "<group>"; };
		C2C936190FF195D0006828D8 /* XML.cpp */ = {isa = PBXFileReference; fileEncoding = 4; lastKnownFileType = sourcecode.cpp.cpp; path = XML.cpp; sourceTree = "<group>"; };
		C2DC46DF101137C100FB56A7 /* XMLAttribute.h */ = {isa = PBXFileReference; fileEncoding = 4; lastKnownFileType = sourcecode.c.h; path = XMLAttribute.h; sourceTree = "<group>"; };
		C2DC46E0101137C100FB56A7 /* XMLAttribute.cpp */ = {isa = PBXFileReference; fileEncoding = 4; lastKnownFileType = sourcecode.cpp.cpp; path = XMLAttribute.cpp; sourceTree = "<group>"; };
/* End PBXFileReference section */

/* Begin PBXGroup section */
		08FB7794FE84155DC02AAC07 /* pshell */ = {
			isa = PBXGroup;
			children = (
				C2E2A8460FF03D370066E949 /* Libraries */,
				C2E2A8450FF03D300066E949 /* Bindings */,
				08FB7795FE84155DC02AAC07 /* Shell */,
				C6859E8C029090F304C91782 /* Documentation */,
				1AB674ADFE9D54B511CA2CBB /* Products */,
			);
			name = pshell;
			sourceTree = "<group>";
		};
		08FB7795FE84155DC02AAC07 /* Shell */ = {
			isa = PBXGroup;
			children = (
				08FB7796FE84155DC02AAC07 /* main.cpp */,
				C274AC6A0FED36C600E936CC /* shell.h */,
				C274AC6B0FED36C600E936CC /* shell.cpp */,
				C274AC710FED38A100E936CC /* global.h */,
				C274AC720FED3D6500E936CC /* GlobalFunctions.h */,
				C274AC730FED3D6500E936CC /* GlobalFunctions.cpp */,
				C2021ECB0FEEA68E008B4C90 /* ClassProxy.h */,
				C2021ECC0FEEA68E008B4C90 /* ClassProxy.cpp */,
				C2AFE6560FF41E1200919DF3 /* TemplateManager.h */,
				C2AFE6570FF41E1200919DF3 /* TemplateManager.cpp */,
			);
			name = Shell;
			sourceTree = "<group>";
		};
		1AB674ADFE9D54B511CA2CBB /* Products */ = {
			isa = PBXGroup;
			children = (
			);
			name = Products;
			sourceTree = "<group>";
		};
		C22EA8901176B24A00CB414C /* Tests */ = {
			isa = PBXGroup;
			children = (
				C22EA89A1176B28A00CB414C /* basic.js */,
				C22EA89B1176B28A00CB414C /* httpclient.js */,
				C22EA89C1176B28A00CB414C /* pdom.js */,
				C22EA89D1176B28A00CB414C /* test.cgi */,
				C22EA8991176B28100CB414C /* test.xml */,
			);
			name = Tests;
			sourceTree = "<group>";
		};
		C22EA9041176B6C500CB414C /* BeerSoap */ = {
			isa = PBXGroup;
			children = (
				C2698B6F1177CADF00CE8904 /* SoapLoader.h */,
				C2698B701177CADF00CE8904 /* SoapLoader.cpp */,
				C2750B3C117BAA1B00E23BFA /* SoapService.h */,
				C2750B3D117BAA1B00E23BFA /* SoapService.cpp */,
			);
			name = BeerSoap;
			sourceTree = "<group>";
		};
		C2A3A68010B8A34A008D8515 /* pDOM */ = {
			isa = PBXGroup;
			children = (
				C22EA8901176B24A00CB414C /* Tests */,
				C2C936180FF195D0006828D8 /* XML.h */,
				C2C936190FF195D0006828D8 /* XML.cpp */,
				C27F047E100EA31E001C5302 /* XMLElement.h */,
				C27F047F100EA31E001C5302 /* XMLElement.cpp */,
				C2DC46DF101137C100FB56A7 /* XMLAttribute.h */,
				C2DC46E0101137C100FB56A7 /* XMLAttribute.cpp */,
				C22393E31016822900C73EC8 /* XMLElementVector.h */,
				C22393E41016822900C73EC8 /* XMLElementVector.cpp */,
				C255524F116C00DD004E7B76 /* XMLAttributeVector.h */,
				C2555250116C00DD004E7B76 /* XMLAttributeVector.cpp */,
			);
			name = pDOM;
			sourceTree = "<group>";
		};
		C2A3A68E10B8A45C008D8515 /* OS */ = {
			isa = PBXGroup;
			children = (
				C274ACC20FED591C00E936CC /* File.h */,
				C274ACC30FED591C00E936CC /* File.cpp */,
			);
			name = OS;
			sourceTree = "<group>";
		};
		C2A3A68F10B8A467008D8515 /* Network */ = {
			isa = PBXGroup;
			children = (
				C20943CA101BEED4009442ED /* HTTPClient.h */,
				C20943CB101BEED4009442ED /* HTTPClient.cpp */,
			);
			name = Network;
			sourceTree = "<group>";
		};
		C2A3A69410B8A823008D8515 /* Databases */ = {
			isa = PBXGroup;
			children = (
			);
			name = Databases;
			sourceTree = "<group>";
		};
		C2E2A8450FF03D300066E949 /* Bindings */ = {
			isa = PBXGroup;
			children = (
				C22EA9041176B6C500CB414C /* BeerSoap */,
				C2A3A69410B8A823008D8515 /* Databases */,
				C2A3A68F10B8A467008D8515 /* Network */,
				C2A3A68E10B8A45C008D8515 /* OS */,
				C2A3A68010B8A34A008D8515 /* pDOM */,
				C2021F380FEEC9ED008B4C90 /* DummyTest.h */,
				C2021F390FEEC9ED008B4C90 /* DummyTest.cpp */,
			);
			name = Bindings;
			sourceTree = "<group>";
		};
		C2E2A8460FF03D370066E949 /* Libraries */ = {
			isa = PBXGroup;
			children = (
				C27C78D90FFEBA8D00CFCF6A /* libpdom.dylib */,
				C274AC630FED355C00E936CC /* libv8.a */,
				C2A3A66C10B8A27C008D8515 /* libcurl.4.dylib */,
				C281DDEF116AE41200F6D8A6 /* libxml2.2.dylib */,
				C2698B9E1177FC1D00CE8904 /* libbeersoap.dylib */,
			);
			name = Libraries;
			sourceTree = "<group>";
		};
		C6859E8C029090F304C91782 /* Documentation */ = {
			isa = PBXGroup;
			children = (
			);
			name = Documentation;
			sourceTree = "<group>";
		};
/* End PBXGroup section */

/* Begin PBXLegacyTarget section */
		C2750B27117BA71C00E23BFA /* Make */ = {
			isa = PBXLegacyTarget;
			buildArgumentsString = "$(ACTION)";
			buildConfigurationList = C2750B2F117BA72000E23BFA /* Build configuration list for PBXLegacyTarget "Make" */;
			buildPhases = (
			);
			buildToolPath = /usr/bin/make;
			dependencies = (
			);
			name = Make;
			passBuildSettingsInEnvironment = 1;
			productName = Make;
		};
/* End PBXLegacyTarget section */

/* Begin PBXProject section */
		08FB7793FE84155DC02AAC07 /* Project object */ = {
			isa = PBXProject;
			buildConfigurationList = 1DEB923508733DC60010E9CD /* Build configuration list for PBXProject "pshell" */;
			compatibilityVersion = "Xcode 3.1";
			hasScannedForEncodings = 1;
			mainGroup = 08FB7794FE84155DC02AAC07 /* pshell */;
			projectDirPath = "";
			projectRoot = "";
			targets = (
				C2750B27117BA71C00E23BFA /* Make */,
			);
		};
/* End PBXProject section */

/* Begin XCBuildConfiguration section */
		1DEB923608733DC60010E9CD /* Debug */ = {
			isa = XCBuildConfiguration;
			buildSettings = {
				ARCHS = "$(ARCHS_STANDARD_32_BIT)";
				CONFIGURATION_BUILD_DIR = "${PROJECT_PATH}";
				FRAMEWORK_SEARCH_PATHS = (
					"~/devel/beersoap",
					"~/devel/pdom//**",
				);
				GCC_C_LANGUAGE_STANDARD = c99;
				GCC_OPTIMIZATION_LEVEL = 0;
				GCC_WARN_ABOUT_RETURN_TYPE = YES;
				GCC_WARN_UNUSED_VARIABLE = YES;
				HEADER_SEARCH_PATHS = (
					"/usr/include/libxml2/**",
					../beersoap,
					../pdom,
				);
				LD_RUNPATH_SEARCH_PATHS = "~/devel/beersoap ~/devel/pdom";
				OBJROOT = "$(PROJECT_DIR)/build";
				ONLY_ACTIVE_ARCH = YES;
				OTHER_CPLUSPLUSFLAGS = (
					"-ggdb3",
					"$(OTHER_CFLAGS)",
				);
				OTHER_LDFLAGS = (
					"-ggdb3",
					"-Lv8",
				);
				PREBINDING = NO;
				SDKROOT = macosx10.5;
			};
			name = Debug;
		};
		1DEB923708733DC60010E9CD /* Release */ = {
			isa = XCBuildConfiguration;
			buildSettings = {
				ARCHS = "$(ARCHS_STANDARD_32_BIT)";
				GCC_C_LANGUAGE_STANDARD = c99;
				GCC_WARN_ABOUT_RETURN_TYPE = YES;
				GCC_WARN_UNUSED_VARIABLE = YES;
				PREBINDING = NO;
				SDKROOT = macosx10.5;
			};
			name = Release;
		};
		C2750B28117BA71C00E23BFA /* Debug */ = {
			isa = XCBuildConfiguration;
			buildSettings = {
				COPY_PHASE_STRIP = NO;
				GCC_DYNAMIC_NO_PIC = NO;
				GCC_OPTIMIZATION_LEVEL = 0;
				PRODUCT_NAME = Make;
			};
			name = Debug;
		};
		C2750B29117BA71C00E23BFA /* Release */ = {
			isa = XCBuildConfiguration;
			buildSettings = {
				COPY_PHASE_STRIP = YES;
				DEBUG_INFORMATION_FORMAT = "dwarf-with-dsym";
				GCC_ENABLE_FIX_AND_CONTINUE = NO;
				PRODUCT_NAME = Make;
				ZERO_LINK = NO;
			};
			name = Release;
		};
/* End XCBuildConfiguration section */

/* Begin XCConfigurationList section */
		1DEB923508733DC60010E9CD /* Build configuration list for PBXProject "pshell" */ = {
			isa = XCConfigurationList;
			buildConfigurations = (
				1DEB923608733DC60010E9CD /* Debug */,
				1DEB923708733DC60010E9CD /* Release */,
			);
			defaultConfigurationIsVisible = 0;
			defaultConfigurationName = Release;
		};
		C2750B2F117BA72000E23BFA /* Build configuration list for PBXLegacyTarget "Make" */ = {
			isa = XCConfigurationList;
			buildConfigurations = (
				C2750B28117BA71C00E23BFA /* Debug */,
				C2750B29117BA71C00E23BFA /* Release */,
			);
			defaultConfigurationIsVisible = 0;
			defaultConfigurationName = Release;
		};
/* End XCConfigurationList section */
	};
	rootObject = 08FB7793FE84155DC02AAC07 /* Project object */;
}
